
Microsoft Visual Studio Solution File, Format Version 12.00
# Visual Studio Version 17
VisualStudioVersion = 17.0.31903.59
MinimumVisualStudioVersion = 10.0.40219.1
Project("{2150E333-8FDC-42A3-9474-1A3956D46DE8}") = "src", "src", "{02EA681E-C7D8-13C7-8484-4AC65E1B71E8}"
EndProject
Project("{2150E333-8FDC-42A3-9474-1A3956D46DE8}") = "core", "core", "{5E939E58-C508-4080-AAC6-263F0E7C8F46}"
EndProject
Project("{2150E333-8FDC-42A3-9474-1A3956D46DE8}") = "auth", "auth", "{4D38BECF-36D1-4F8C-B361-7BB4FEF2034C}"
EndProject
Project("{2150E333-8FDC-42A3-9474-1A3956D46DE8}") = "cliente", "cliente", "{26C18B85-C5A2-42C3-B656-3AB5FC6BE287}"
EndProject
Project("{FAE04EC0-301F-11D3-BF4B-00C04F79EFBC}") = "Projeto.Moope.Auth.Api", "src\auth\Projeto.Moope.Auth.Api\Projeto.Moope.Auth.Api.csproj", "{3C3B16CB-88F9-4DA8-886E-CE813593DB5E}"
EndProject
Project("{FAE04EC0-301F-11D3-BF4B-00C04F79EFBC}") = "Projeto.Moope.Cliente.Api", "src\cliente\Projeto.Moope.Cliente.Api\Projeto.Moope.Cliente.Api.csproj", "{8B34A288-ABEC-4F8D-944D-179F04B4D29E}"
EndProject
Project("{2150E333-8FDC-42A3-9474-1A3956D46DE8}") = "rabbitmq", "rabbitmq", "{BC334209-2FDA-4058-8D65-DEE74EE40E8F}"
EndProject
Project("{FAE04EC0-301F-11D3-BF4B-00C04F79EFBC}") = "Projeto.Moope.RabbitMQ.Worker", "src\rabbitmq\Projeto.Moope.RabbitMQ.Worker\Projeto.Moope.RabbitMQ.Worker.csproj", "{FA5E146D-A964-4A18-806D-8B8901E984D6}"
EndProject
Project("{FAE04EC0-301F-11D3-BF4B-00C04F79EFBC}") = "Projeto.Moope.Cliente.Core", "src\cliente\Projeto.Moope.Cliente.Core\Projeto.Moope.Cliente.Core.csproj", "{FB8B34D5-8785-42BC-9D13-ACFD24405EBC}"
EndProject
Project("{FAE04EC0-301F-11D3-BF4B-00C04F79EFBC}") = "Projeto.Moope.Cliente.Infrastructure", "src\cliente\Projeto.Moope.Cliente.Infrastructure\Projeto.Moope.Cliente.Infrastructure.csproj", "{C6F70FD7-B629-4471-9C7E-C9F8D73B7130}"
EndProject
Project("{2150E333-8FDC-42A3-9474-1A3956D46DE8}") = "script", "script", "{616EA3F4-0C05-48E1-AE62-AABDA9490847}"
EndProject
Project("{FAE04EC0-301F-11D3-BF4B-00C04F79EFBC}") = "Projeto.Moope.Auth.Core", "src\auth\Projeto.Moope.Auth.Core\Projeto.Moope.Auth.Core.csproj", "{B15827E0-8796-4A75-9E10-85C45F4C7FBC}"
EndProject
Project("{FAE04EC0-301F-11D3-BF4B-00C04F79EFBC}") = "Projeto.Moope.Auth.Infrastructure", "src\auth\Projeto.Moope.Auth.Infrastructure\Projeto.Moope.Auth.Infrastructure.csproj", "{F476C488-E7CD-4328-AE1C-2E7EC125F8F1}"
EndProject
Project("{FAE04EC0-301F-11D3-BF4B-00C04F79EFBC}") = "Projeto.Moope.RabbitMQ.Infrastructure", "src\rabbitmq\Projeto.Moope.RabbitMQ.Infrastructure\Projeto.Moope.RabbitMQ.Infrastructure.csproj", "{303D2F8C-09EB-499E-BD61-9E101BC48895}"
EndProject
Project("{FAE04EC0-301F-11D3-BF4B-00C04F79EFBC}") = "Projeto.Moope.Core", "core\Projeto.Moope.Core\Projeto.Moope.Core.csproj", "{04315D6F-BBCC-48A5-928F-86E5CC70DC0C}"
EndProject
Project("{FAE04EC0-301F-11D3-BF4B-00C04F79EFBC}") = "Projeto.Moope.Api", "core\Projeto.Moope.Api\Projeto.Moope.Api.csproj", "{3B6EF12C-0355-46E9-9BF9-321FC4FAB2AD}"
EndProject
Project("{FAE04EC0-301F-11D3-BF4B-00C04F79EFBC}") = "Projeto.Moope.Infrastructure", "core\Projeto.Moope.Infrastructure\Projeto.Moope.Infrastructure.csproj", "{BA385A81-0F30-4E73-9F2D-DD230438006B}"
EndProject
Project("{2150E333-8FDC-42A3-9474-1A3956D46DE8}") = "vendedor", "vendedor", "{7347E9B1-FCCD-4FDA-98A7-9588FCEAB755}"
EndProject
Project("{FAE04EC0-301F-11D3-BF4B-00C04F79EFBC}") = "Projeto.Moope.Vendedor.Api", "src\vendedor\Projeto.Moope.Vendedor.Api\Projeto.Moope.Vendedor.Api.csproj", "{9BAB75F7-FCF3-4737-B438-0E549C3CF1D7}"
EndProject
Project("{FAE04EC0-301F-11D3-BF4B-00C04F79EFBC}") = "Projeto.Moope.Vendedor.Core", "src\vendedor\Projeto.Moope.Vendedor.Core\Projeto.Moope.Vendedor.Core.csproj", "{0EDCE3B2-D832-4740-AC32-429932497C3A}"
EndProject
Project("{FAE04EC0-301F-11D3-BF4B-00C04F79EFBC}") = "Projeto.Moope.Vendedor.Infrastructure", "src\vendedor\Projeto.Moope.Vendedor.Infrastructure\Projeto.Moope.Vendedor.Infrastructure.csproj", "{5DBEE639-C56C-41ED-92F9-BA18E656E825}"
EndProject
Project("{2150E333-8FDC-42A3-9474-1A3956D46DE8}") = "pedido", "pedido", "{77467C76-6567-471F-9A6E-8638EDC9053A}"
EndProject
Project("{FAE04EC0-301F-11D3-BF4B-00C04F79EFBC}") = "Projeto.Moope.Pedido.Api", "src\pedido\Projeto.Moope.Pedido.Api\Projeto.Moope.Pedido.Api.csproj", "{9E326A00-3D85-45A8-85C2-307042C7F809}"
EndProject
Project("{2150E333-8FDC-42A3-9474-1A3956D46DE8}") = "pagamento", "pagamento", "{2BD386E8-B494-4B8D-91E0-12E21B097D11}"
EndProject
Project("{FAE04EC0-301F-11D3-BF4B-00C04F79EFBC}") = "Projeto.Moope.Pagamento.Api", "src\pagamento\Projeto.Moope.Pagamento.Api\Projeto.Moope.Pagamento.Api.csproj", "{8D8F712B-EADE-472D-B48B-43A8437E452C}"
EndProject
Project("{2150E333-8FDC-42A3-9474-1A3956D46DE8}") = "endereco", "endereco", "{4914BF98-A859-4343-AB75-CD38A3E53229}"
EndProject
Project("{FAE04EC0-301F-11D3-BF4B-00C04F79EFBC}") = "Projeto.Moope.Endereco.Api", "src\endereco\Projeto.Moope.Endereco.Api\Projeto.Moope.Endereco.Api.csproj", "{41440941-C862-4E70-B138-AF8947C16AB9}"
EndProject
Project("{FAE04EC0-301F-11D3-BF4B-00C04F79EFBC}") = "Projeto.Moope.Endereco.Core", "src\endereco\Projeto.Moope.Endereco.Core\Projeto.Moope.Endereco.Core.csproj", "{85CB7F63-4AD6-4578-A548-917A50D0595A}"
EndProject
Project("{FAE04EC0-301F-11D3-BF4B-00C04F79EFBC}") = "Projeto.Moope.Endereco.Infrastructure", "src\endereco\Projeto.Moope.Endereco.Infrastructure\Projeto.Moope.Endereco.Infrastructure.csproj", "{1BE89CE7-486F-4C79-862C-44E9064295C5}"
EndProject
Project("{FAE04EC0-301F-11D3-BF4B-00C04F79EFBC}") = "Projeto.Moope.Auth.Application", "src\auth\Projeto.Moope.Auth.Application\Projeto.Moope.Auth.Application.csproj", "{CB9DE7E0-367C-443A-94C8-95986C62B475}"
EndProject
Global
	GlobalSection(SolutionConfigurationPlatforms) = preSolution
		Debug|Any CPU = Debug|Any CPU
		Release|Any CPU = Release|Any CPU
	EndGlobalSection
	GlobalSection(ProjectConfigurationPlatforms) = postSolution
		{3C3B16CB-88F9-4DA8-886E-CE813593DB5E}.Debug|Any CPU.ActiveCfg = Debug|Any CPU
		{3C3B16CB-88F9-4DA8-886E-CE813593DB5E}.Debug|Any CPU.Build.0 = Debug|Any CPU
		{3C3B16CB-88F9-4DA8-886E-CE813593DB5E}.Release|Any CPU.ActiveCfg = Release|Any CPU
		{3C3B16CB-88F9-4DA8-886E-CE813593DB5E}.Release|Any CPU.Build.0 = Release|Any CPU
		{8B34A288-ABEC-4F8D-944D-179F04B4D29E}.Debug|Any CPU.ActiveCfg = Debug|Any CPU
		{8B34A288-ABEC-4F8D-944D-179F04B4D29E}.Debug|Any CPU.Build.0 = Debug|Any CPU
		{8B34A288-ABEC-4F8D-944D-179F04B4D29E}.Release|Any CPU.ActiveCfg = Release|Any CPU
		{8B34A288-ABEC-4F8D-944D-179F04B4D29E}.Release|Any CPU.Build.0 = Release|Any CPU
		{FA5E146D-A964-4A18-806D-8B8901E984D6}.Debug|Any CPU.ActiveCfg = Debug|Any CPU
		{FA5E146D-A964-4A18-806D-8B8901E984D6}.Debug|Any CPU.Build.0 = Debug|Any CPU
		{FA5E146D-A964-4A18-806D-8B8901E984D6}.Release|Any CPU.ActiveCfg = Release|Any CPU
		{FA5E146D-A964-4A18-806D-8B8901E984D6}.Release|Any CPU.Build.0 = Release|Any CPU
		{FB8B34D5-8785-42BC-9D13-ACFD24405EBC}.Debug|Any CPU.ActiveCfg = Debug|Any CPU
		{FB8B34D5-8785-42BC-9D13-ACFD24405EBC}.Debug|Any CPU.Build.0 = Debug|Any CPU
		{FB8B34D5-8785-42BC-9D13-ACFD24405EBC}.Release|Any CPU.ActiveCfg = Release|Any CPU
		{FB8B34D5-8785-42BC-9D13-ACFD24405EBC}.Release|Any CPU.Build.0 = Release|Any CPU
		{C6F70FD7-B629-4471-9C7E-C9F8D73B7130}.Debug|Any CPU.ActiveCfg = Debug|Any CPU
		{C6F70FD7-B629-4471-9C7E-C9F8D73B7130}.Debug|Any CPU.Build.0 = Debug|Any CPU
		{C6F70FD7-B629-4471-9C7E-C9F8D73B7130}.Release|Any CPU.ActiveCfg = Release|Any CPU
		{C6F70FD7-B629-4471-9C7E-C9F8D73B7130}.Release|Any CPU.Build.0 = Release|Any CPU
		{B15827E0-8796-4A75-9E10-85C45F4C7FBC}.Debug|Any CPU.ActiveCfg = Debug|Any CPU
		{B15827E0-8796-4A75-9E10-85C45F4C7FBC}.Debug|Any CPU.Build.0 = Debug|Any CPU
		{B15827E0-8796-4A75-9E10-85C45F4C7FBC}.Release|Any CPU.ActiveCfg = Release|Any CPU
		{B15827E0-8796-4A75-9E10-85C45F4C7FBC}.Release|Any CPU.Build.0 = Release|Any CPU
		{F476C488-E7CD-4328-AE1C-2E7EC125F8F1}.Debug|Any CPU.ActiveCfg = Debug|Any CPU
		{F476C488-E7CD-4328-AE1C-2E7EC125F8F1}.Debug|Any CPU.Build.0 = Debug|Any CPU
		{F476C488-E7CD-4328-AE1C-2E7EC125F8F1}.Release|Any CPU.ActiveCfg = Release|Any CPU
		{F476C488-E7CD-4328-AE1C-2E7EC125F8F1}.Release|Any CPU.Build.0 = Release|Any CPU
		{303D2F8C-09EB-499E-BD61-9E101BC48895}.Debug|Any CPU.ActiveCfg = Debug|Any CPU
		{303D2F8C-09EB-499E-BD61-9E101BC48895}.Debug|Any CPU.Build.0 = Debug|Any CPU
		{303D2F8C-09EB-499E-BD61-9E101BC48895}.Release|Any CPU.ActiveCfg = Release|Any CPU
		{303D2F8C-09EB-499E-BD61-9E101BC48895}.Release|Any CPU.Build.0 = Release|Any CPU
		{04315D6F-BBCC-48A5-928F-86E5CC70DC0C}.Debug|Any CPU.ActiveCfg = Debug|Any CPU
		{04315D6F-BBCC-48A5-928F-86E5CC70DC0C}.Debug|Any CPU.Build.0 = Debug|Any CPU
		{04315D6F-BBCC-48A5-928F-86E5CC70DC0C}.Release|Any CPU.ActiveCfg = Release|Any CPU
		{04315D6F-BBCC-48A5-928F-86E5CC70DC0C}.Release|Any CPU.Build.0 = Release|Any CPU
		{3B6EF12C-0355-46E9-9BF9-321FC4FAB2AD}.Debug|Any CPU.ActiveCfg = Debug|Any CPU
		{3B6EF12C-0355-46E9-9BF9-321FC4FAB2AD}.Debug|Any CPU.Build.0 = Debug|Any CPU
		{3B6EF12C-0355-46E9-9BF9-321FC4FAB2AD}.Release|Any CPU.ActiveCfg = Release|Any CPU
		{3B6EF12C-0355-46E9-9BF9-321FC4FAB2AD}.Release|Any CPU.Build.0 = Release|Any CPU
		{BA385A81-0F30-4E73-9F2D-DD230438006B}.Debug|Any CPU.ActiveCfg = Debug|Any CPU
		{BA385A81-0F30-4E73-9F2D-DD230438006B}.Debug|Any CPU.Build.0 = Debug|Any CPU
		{BA385A81-0F30-4E73-9F2D-DD230438006B}.Release|Any CPU.ActiveCfg = Release|Any CPU
		{BA385A81-0F30-4E73-9F2D-DD230438006B}.Release|Any CPU.Build.0 = Release|Any CPU
		{9BAB75F7-FCF3-4737-B438-0E549C3CF1D7}.Debug|Any CPU.ActiveCfg = Debug|Any CPU
		{9BAB75F7-FCF3-4737-B438-0E549C3CF1D7}.Debug|Any CPU.Build.0 = Debug|Any CPU
		{9BAB75F7-FCF3-4737-B438-0E549C3CF1D7}.Release|Any CPU.ActiveCfg = Release|Any CPU
		{9BAB75F7-FCF3-4737-B438-0E549C3CF1D7}.Release|Any CPU.Build.0 = Release|Any CPU
		{0EDCE3B2-D832-4740-AC32-429932497C3A}.Debug|Any CPU.ActiveCfg = Debug|Any CPU
		{0EDCE3B2-D832-4740-AC32-429932497C3A}.Debug|Any CPU.Build.0 = Debug|Any CPU
		{0EDCE3B2-D832-4740-AC32-429932497C3A}.Release|Any CPU.ActiveCfg = Release|Any CPU
		{0EDCE3B2-D832-4740-AC32-429932497C3A}.Release|Any CPU.Build.0 = Release|Any CPU
		{5DBEE639-C56C-41ED-92F9-BA18E656E825}.Debug|Any CPU.ActiveCfg = Debug|Any CPU
		{5DBEE639-C56C-41ED-92F9-BA18E656E825}.Debug|Any CPU.Build.0 = Debug|Any CPU
		{5DBEE639-C56C-41ED-92F9-BA18E656E825}.Release|Any CPU.ActiveCfg = Release|Any CPU
		{5DBEE639-C56C-41ED-92F9-BA18E656E825}.Release|Any CPU.Build.0 = Release|Any CPU
		{9E326A00-3D85-45A8-85C2-307042C7F809}.Debug|Any CPU.ActiveCfg = Debug|Any CPU
		{9E326A00-3D85-45A8-85C2-307042C7F809}.Debug|Any CPU.Build.0 = Debug|Any CPU
		{9E326A00-3D85-45A8-85C2-307042C7F809}.Release|Any CPU.ActiveCfg = Release|Any CPU
		{9E326A00-3D85-45A8-85C2-307042C7F809}.Release|Any CPU.Build.0 = Release|Any CPU
		{8D8F712B-EADE-472D-B48B-43A8437E452C}.Debug|Any CPU.ActiveCfg = Debug|Any CPU
		{8D8F712B-EADE-472D-B48B-43A8437E452C}.Debug|Any CPU.Build.0 = Debug|Any CPU
		{8D8F712B-EADE-472D-B48B-43A8437E452C}.Release|Any CPU.ActiveCfg = Release|Any CPU
		{8D8F712B-EADE-472D-B48B-43A8437E452C}.Release|Any CPU.Build.0 = Release|Any CPU
		{41440941-C862-4E70-B138-AF8947C16AB9}.Debug|Any CPU.ActiveCfg = Debug|Any CPU
		{41440941-C862-4E70-B138-AF8947C16AB9}.Debug|Any CPU.Build.0 = Debug|Any CPU
		{41440941-C862-4E70-B138-AF8947C16AB9}.Release|Any CPU.ActiveCfg = Release|Any CPU
		{41440941-C862-4E70-B138-AF8947C16AB9}.Release|Any CPU.Build.0 = Release|Any CPU
		{85CB7F63-4AD6-4578-A548-917A50D0595A}.Debug|Any CPU.ActiveCfg = Debug|Any CPU
		{85CB7F63-4AD6-4578-A548-917A50D0595A}.Debug|Any CPU.Build.0 = Debug|Any CPU
		{85CB7F63-4AD6-4578-A548-917A50D0595A}.Release|Any CPU.ActiveCfg = Release|Any CPU
		{85CB7F63-4AD6-4578-A548-917A50D0595A}.Release|Any CPU.Build.0 = Release|Any CPU
		{1BE89CE7-486F-4C79-862C-44E9064295C5}.Debug|Any CPU.ActiveCfg = Debug|Any CPU
		{1BE89CE7-486F-4C79-862C-44E9064295C5}.Debug|Any CPU.Build.0 = Debug|Any CPU
		{1BE89CE7-486F-4C79-862C-44E9064295C5}.Release|Any CPU.ActiveCfg = Release|Any CPU
		{1BE89CE7-486F-4C79-862C-44E9064295C5}.Release|Any CPU.Build.0 = Release|Any CPU
		{CB9DE7E0-367C-443A-94C8-95986C62B475}.Debug|Any CPU.ActiveCfg = Debug|Any CPU
		{CB9DE7E0-367C-443A-94C8-95986C62B475}.Debug|Any CPU.Build.0 = Debug|Any CPU
		{CB9DE7E0-367C-443A-94C8-95986C62B475}.Release|Any CPU.ActiveCfg = Release|Any CPU
		{CB9DE7E0-367C-443A-94C8-95986C62B475}.Release|Any CPU.Build.0 = Release|Any CPU
	EndGlobalSection
	GlobalSection(SolutionProperties) = preSolution
		HideSolutionNode = FALSE
	EndGlobalSection
	GlobalSection(NestedProjects) = preSolution
		{4D38BECF-36D1-4F8C-B361-7BB4FEF2034C} = {02EA681E-C7D8-13C7-8484-4AC65E1B71E8}
		{26C18B85-C5A2-42C3-B656-3AB5FC6BE287} = {02EA681E-C7D8-13C7-8484-4AC65E1B71E8}
		{3C3B16CB-88F9-4DA8-886E-CE813593DB5E} = {4D38BECF-36D1-4F8C-B361-7BB4FEF2034C}
		{8B34A288-ABEC-4F8D-944D-179F04B4D29E} = {26C18B85-C5A2-42C3-B656-3AB5FC6BE287}
		{BC334209-2FDA-4058-8D65-DEE74EE40E8F} = {02EA681E-C7D8-13C7-8484-4AC65E1B71E8}
		{FA5E146D-A964-4A18-806D-8B8901E984D6} = {BC334209-2FDA-4058-8D65-DEE74EE40E8F}
		{FB8B34D5-8785-42BC-9D13-ACFD24405EBC} = {26C18B85-C5A2-42C3-B656-3AB5FC6BE287}
		{C6F70FD7-B629-4471-9C7E-C9F8D73B7130} = {26C18B85-C5A2-42C3-B656-3AB5FC6BE287}
		{B15827E0-8796-4A75-9E10-85C45F4C7FBC} = {4D38BECF-36D1-4F8C-B361-7BB4FEF2034C}
		{F476C488-E7CD-4328-AE1C-2E7EC125F8F1} = {4D38BECF-36D1-4F8C-B361-7BB4FEF2034C}
		{303D2F8C-09EB-499E-BD61-9E101BC48895} = {BC334209-2FDA-4058-8D65-DEE74EE40E8F}
		{04315D6F-BBCC-48A5-928F-86E5CC70DC0C} = {5E939E58-C508-4080-AAC6-263F0E7C8F46}
		{3B6EF12C-0355-46E9-9BF9-321FC4FAB2AD} = {5E939E58-C508-4080-AAC6-263F0E7C8F46}
		{BA385A81-0F30-4E73-9F2D-DD230438006B} = {5E939E58-C508-4080-AAC6-263F0E7C8F46}
		{7347E9B1-FCCD-4FDA-98A7-9588FCEAB755} = {02EA681E-C7D8-13C7-8484-4AC65E1B71E8}
		{9BAB75F7-FCF3-4737-B438-0E549C3CF1D7} = {7347E9B1-FCCD-4FDA-98A7-9588FCEAB755}
		{0EDCE3B2-D832-4740-AC32-429932497C3A} = {7347E9B1-FCCD-4FDA-98A7-9588FCEAB755}
		{5DBEE639-C56C-41ED-92F9-BA18E656E825} = {7347E9B1-FCCD-4FDA-98A7-9588FCEAB755}
		{77467C76-6567-471F-9A6E-8638EDC9053A} = {02EA681E-C7D8-13C7-8484-4AC65E1B71E8}
		{9E326A00-3D85-45A8-85C2-307042C7F809} = {77467C76-6567-471F-9A6E-8638EDC9053A}
		{2BD386E8-B494-4B8D-91E0-12E21B097D11} = {02EA681E-C7D8-13C7-8484-4AC65E1B71E8}
		{8D8F712B-EADE-472D-B48B-43A8437E452C} = {2BD386E8-B494-4B8D-91E0-12E21B097D11}
		{4914BF98-A859-4343-AB75-CD38A3E53229} = {02EA681E-C7D8-13C7-8484-4AC65E1B71E8}
		{41440941-C862-4E70-B138-AF8947C16AB9} = {4914BF98-A859-4343-AB75-CD38A3E53229}
		{85CB7F63-4AD6-4578-A548-917A50D0595A} = {4914BF98-A859-4343-AB75-CD38A3E53229}
		{1BE89CE7-486F-4C79-862C-44E9064295C5} = {4914BF98-A859-4343-AB75-CD38A3E53229}
		{CB9DE7E0-367C-443A-94C8-95986C62B475} = {4D38BECF-36D1-4F8C-B361-7BB4FEF2034C}
	EndGlobalSection
	GlobalSection(ExtensibilityGlobals) = postSolution
		SolutionGuid = {D6555006-1889-4CB7-9F89-217CC2EAA389}
	EndGlobalSection
EndGlobal
