Microsoft Visual Studio Solution File, Format Version 12.00
# Visual Studio Version 17
VisualStudioVersion = 17.5.2.0
MinimumVisualStudioVersion = 10.0.40219.1
Project("{FAE04EC0-301F-11D3-BF4B-00C04F79EFBC}") = "Projeto.Moope.Cliente.Api", "Projeto.Moope.Cliente.Api\Projeto.Moope.Cliente.Api.csproj", "{70E951BA-06E0-1AA3-528F-FA41D5C925B4}"
EndProject
Project("{FAE04EC0-301F-11D3-BF4B-00C04F79EFBC}") = "Projeto.Moope.Cliente.Core", "Projeto.Moope.Cliente.Core\Projeto.Moope.Cliente.Core.csproj", "{75A5C396-9AFD-940D-A215-F686A2D105A3}"
EndProject
Project("{FAE04EC0-301F-11D3-BF4B-00C04F79EFBC}") = "Projeto.Moope.Cliente.Infrastructure", "Projeto.Moope.Cliente.Infrastructure\Projeto.Moope.Cliente.Infrastructure.csproj", "{8F234B25-53E1-E96F-6A32-FB2A706E6E59}"
EndProject
Global
	GlobalSection(SolutionConfigurationPlatforms) = preSolution
		Debug|Any CPU = Debug|Any CPU
		Release|Any CPU = Release|Any CPU
	EndGlobalSection
	GlobalSection(ProjectConfigurationPlatforms) = postSolution
		{70E951BA-06E0-1AA3-528F-FA41D5C925B4}.Debug|Any CPU.ActiveCfg = Debug|Any CPU
		{70E951BA-06E0-1AA3-528F-FA41D5C925B4}.Debug|Any CPU.Build.0 = Debug|Any CPU
		{70E951BA-06E0-1AA3-528F-FA41D5C925B4}.Release|Any CPU.ActiveCfg = Release|Any CPU
		{70E951BA-06E0-1AA3-528F-FA41D5C925B4}.Release|Any CPU.Build.0 = Release|Any CPU
		{75A5C396-9AFD-940D-A215-F686A2D105A3}.Debug|Any CPU.ActiveCfg = Debug|Any CPU
		{75A5C396-9AFD-940D-A215-F686A2D105A3}.Debug|Any CPU.Build.0 = Debug|Any CPU
		{75A5C396-9AFD-940D-A215-F686A2D105A3}.Release|Any CPU.ActiveCfg = Release|Any CPU
		{75A5C396-9AFD-940D-A215-F686A2D105A3}.Release|Any CPU.Build.0 = Release|Any CPU
		{8F234B25-53E1-E96F-6A32-FB2A706E6E59}.Debug|Any CPU.ActiveCfg = Debug|Any CPU
		{8F234B25-53E1-E96F-6A32-FB2A706E6E59}.Debug|Any CPU.Build.0 = Debug|Any CPU
		{8F234B25-53E1-E96F-6A32-FB2A706E6E59}.Release|Any CPU.ActiveCfg = Release|Any CPU
		{8F234B25-53E1-E96F-6A32-FB2A706E6E59}.Release|Any CPU.Build.0 = Release|Any CPU
	EndGlobalSection
	GlobalSection(SolutionProperties) = preSolution
		HideSolutionNode = FALSE
	EndGlobalSection
	GlobalSection(ExtensibilityGlobals) = postSolution
		SolutionGuid = {43382060-D10A-49EC-AF8E-6BC1338D8530}
	EndGlobalSection
EndGlobal
